
Microsoft Visual Studio Solution File, Format Version 12.00
# Visual Studio 15
VisualStudioVersion = 15.0.27703.2042
MinimumVisualStudioVersion = 10.0.40219.1
Project("{FAE04EC0-301F-11D3-BF4B-00C04F79EFBC}") = "TypingGame", "TypingGame\TypingGame.csproj", "{18C76A2B-54F9-4F3C-B318-8242E87882D8}"
EndProject
Global
	GlobalSection(SolutionConfigurationPlatforms) = preSolution
		Debug|Any CPU = Debug|Any CPU
		Release|Any CPU = Release|Any CPU
	EndGlobalSection
	GlobalSection(ProjectConfigurationPlatforms) = postSolution
		{18C76A2B-54F9-4F3C-B318-8242E87882D8}.Debug|Any CPU.ActiveCfg = Debug|Any CPU
		{18C76A2B-54F9-4F3C-B318-8242E87882D8}.Debug|Any CPU.Build.0 = Debug|Any CPU
		{18C76A2B-54F9-4F3C-B318-8242E87882D8}.Release|Any CPU.ActiveCfg = Release|Any CPU
		{18C76A2B-54F9-4F3C-B318-8242E87882D8}.Release|Any CPU.Build.0 = Release|Any CPU
	EndGlobalSection
	GlobalSection(SolutionProperties) = preSolution
		HideSolutionNode = FALSE
	EndGlobalSection
	GlobalSection(ExtensibilityGlobals) = postSolution
		SolutionGuid = {69F5FBE6-0C34-425B-B08B-57138EEFDAE5}
	EndGlobalSection
EndGlobal
